{
  "originHash" : "83526ab65bdac3f656de8864c90a7aeaa16aae26ab0cab7a0ca7fa4a08441766",
  "pins" : [
    {
      "identity" : "prebuilt-swift-syntax",
      "kind" : "remoteSourceControl",
      "location" : "https://github.com/treastrain/prebuilt-swift-syntax",
      "state" : {
        "revision" : "ab5096c841c7c984239873d1ab3a10147583343c",
        "version" : "600.0.1-arm64only"
      }
    }
  ],
  "version" : 3
}
