{
  "originHash" : "1421f436c8b6600daf1e43a7e82b26754ee55bfd30ba5f0ace7e878b9b595451",
  "pins" : [
    {
      "identity" : "prebuilt-swift-syntax",
      "kind" : "remoteSourceControl",
      "location" : "https://github.com/treastrain/prebuilt-swift-syntax",
      "state" : {
        "revision" : "d130a8ac2a80d89726c89418b46cb99a146999c9",
        "version" : "600.0.1"
      }
    }
  ],
  "version" : 3
}
